
Microsoft Visual Studio Solution File, Format Version 12.00
# Visual Studio Version 17
VisualStudioVersion = 17.3.32708.82
MinimumVisualStudioVersion = 10.0.40219.1
Project("{9A19103F-16F7-4668-BE54-9A1E7A4F7556}") = "Allied-Data-Blazorwembly", "Allied-Data-Blazorwembly\Allied-Data-Blazorwembly.csproj", "{78FFADF7-E5EC-419A-A5CC-FDA6C635A050}"
EndProject
Global
	GlobalSection(SolutionConfigurationPlatforms) = preSolution
		Debug|Any CPU = Debug|Any CPU
		Release|Any CPU = Release|Any CPU
	EndGlobalSection
	GlobalSection(ProjectConfigurationPlatforms) = postSolution
		{78FFADF7-E5EC-419A-A5CC-FDA6C635A050}.Debug|Any CPU.ActiveCfg = Debug|Any CPU
		{78FFADF7-E5EC-419A-A5CC-FDA6C635A050}.Debug|Any CPU.Build.0 = Debug|Any CPU
		{78FFADF7-E5EC-419A-A5CC-FDA6C635A050}.Release|Any CPU.ActiveCfg = Release|Any CPU
		{78FFADF7-E5EC-419A-A5CC-FDA6C635A050}.Release|Any CPU.Build.0 = Release|Any CPU
	EndGlobalSection
	GlobalSection(SolutionProperties) = preSolution
		HideSolutionNode = FALSE
	EndGlobalSection
	GlobalSection(ExtensibilityGlobals) = postSolution
		SolutionGuid = {C6849AB4-875A-42CA-860D-8AF089344A8C}
	EndGlobalSection
EndGlobal
